// !$*UTF8*$!
{
	archiveVersion = 1;
	classes = {
	};
	objectVersion = 51;
	objects = {

/* Begin PBXBuildFile section */
		13750BB62125FC35009B29AA /* ClassificationErrorViewController.swift in Sources */ = {isa = PBXBuildFile; fileRef = 13750BB52125FC35009B29AA /* ClassificationErrorViewController.swift */; };
		138EA90320F7BF9B002FC333 /* ResultViewController.swift in Sources */ = {isa = PBXBuildFile; fileRef = 138EA90220F7BF9B002FC333 /* ResultViewController.swift */; };
		138EA90520F7CFC9002FC333 /* Utils.swift in Sources */ = {isa = PBXBuildFile; fileRef = 138EA90420F7CFC9002FC333 /* Utils.swift */; };
		13AC65DC20EE8F8F00F0D494 /* AppDelegate.swift in Sources */ = {isa = PBXBuildFile; fileRef = 13AC65DB20EE8F8F00F0D494 /* AppDelegate.swift */; };
		13AC65DE20EE8F8F00F0D494 /* RootViewController.swift in Sources */ = {isa = PBXBuildFile; fileRef = 13AC65DD20EE8F8F00F0D494 /* RootViewController.swift */; };
		13AC65E120EE8F8F00F0D494 /* Main.storyboard in Resources */ = {isa = PBXBuildFile; fileRef = 13AC65DF20EE8F8F00F0D494 /* Main.storyboard */; };
		13AC65E320EE8F9000F0D494 /* Assets.xcassets in Resources */ = {isa = PBXBuildFile; fileRef = 13AC65E220EE8F9000F0D494 /* Assets.xcassets */; };
		13AC65E620EE8F9000F0D494 /* LaunchScreen.storyboard in Resources */ = {isa = PBXBuildFile; fileRef = 13AC65E420EE8F9000F0D494 /* LaunchScreen.storyboard */; };
		13AC66BE20EED36D00F0D494 /* CustomAlert.swift in Sources */ = {isa = PBXBuildFile; fileRef = 13AC66BD20EED36D00F0D494 /* CustomAlert.swift */; };
		13D13F1420F6AC000052B1D7 /* ConfirmationViewController.swift in Sources */ = {isa = PBXBuildFile; fileRef = 13D13F1320F6AC000052B1D7 /* ConfirmationViewController.swift */; };
		241DDDC225C86E28000D9EEE /* TruliooImageHelper.swift in Sources */ = {isa = PBXBuildFile; fileRef = 241DDDC125C86E28000D9EEE /* TruliooImageHelper.swift */; };
		835108EA22FA425300CC8329 /* AcuantProgressView.swift in Sources */ = {isa = PBXBuildFile; fileRef = 835108E922FA425300CC8329 /* AcuantProgressView.swift */; };
		8351094C22FB462B00CC8329 /* Localizable.strings in Resources */ = {isa = PBXBuildFile; fileRef = 8351094A22FB462B00CC8329 /* Localizable.strings */; };
		8351095322FB463B00CC8329 /* Main.strings in Resources */ = {isa = PBXBuildFile; fileRef = 8351095022FB463B00CC8329 /* Main.strings */; };
		83C977F622C69D9A00FC8C53 /* CheckConnection.swift in Sources */ = {isa = PBXBuildFile; fileRef = 83C977F522C69D9A00FC8C53 /* CheckConnection.swift */; };
		C229E7B62224520700FFAC6F /* AcuantConfig.plist in Resources */ = {isa = PBXBuildFile; fileRef = C229E7B52224520700FFAC6F /* AcuantConfig.plist */; };
		C2B08D5922C6AF31003F2CBE /* FaceLivenessCameraController.swift in Sources */ = {isa = PBXBuildFile; fileRef = C2B08D5822C6AF31003F2CBE /* FaceLivenessCameraController.swift */; };
		ED2517092370E54C00B53736 /* TruliooConfirmationViewController.swift in Sources */ = {isa = PBXBuildFile; fileRef = ED2517082370E54C00B53736 /* TruliooConfirmationViewController.swift */; };
		ED2698E625ACF3BA00443DCA /* AcuantFaceCapture.framework in Frameworks */ = {isa = PBXBuildFile; fileRef = ED2698E525ACF3B400443DCA /* AcuantFaceCapture.framework */; };
		ED2698E725ACF3BA00443DCA /* AcuantFaceCapture.framework in Embed Frameworks */ = {isa = PBXBuildFile; fileRef = ED2698E525ACF3B400443DCA /* AcuantFaceCapture.framework */; settings = {ATTRIBUTES = (CodeSignOnCopy, RemoveHeadersOnCopy, ); }; };
		ED26991125AD053000443DCA /* AcuantCamera.framework in Frameworks */ = {isa = PBXBuildFile; fileRef = ED26991025AD052B00443DCA /* AcuantCamera.framework */; };
		ED26991225AD053000443DCA /* AcuantCamera.framework in Embed Frameworks */ = {isa = PBXBuildFile; fileRef = ED26991025AD052B00443DCA /* AcuantCamera.framework */; settings = {ATTRIBUTES = (CodeSignOnCopy, RemoveHeadersOnCopy, ); }; };
		ED38E481236BB14A0072B736 /* TruliooTestConnectionViewController.swift in Sources */ = {isa = PBXBuildFile; fileRef = ED38E480236BB14A0072B736 /* TruliooTestConnectionViewController.swift */; };
		EDB4060E23723CCA001CF27B /* TruliooResultViewController.swift in Sources */ = {isa = PBXBuildFile; fileRef = EDB4060D23723CCA001CF27B /* TruliooResultViewController.swift */; };
		EDB40610237355A0001CF27B /* TruliooRequestClass.swift in Sources */ = {isa = PBXBuildFile; fileRef = EDB4060F237355A0001CF27B /* TruliooRequestClass.swift */; };
		EDB40612237368ED001CF27B /* TruliooResultClass.swift in Sources */ = {isa = PBXBuildFile; fileRef = EDB40611237368ED001CF27B /* TruliooResultClass.swift */; };
		EDBE82AD2370D26C00A4ADFA /* TruliooHelper.swift in Sources */ = {isa = PBXBuildFile; fileRef = EDBE82AC2370D26C00A4ADFA /* TruliooHelper.swift */; };
/* End PBXBuildFile section */

/* Begin PBXContainerItemProxy section */
		ED2698E425ACF3B400443DCA /* PBXContainerItemProxy */ = {
			isa = PBXContainerItemProxy;
			containerPortal = ED2698D525ACF3B400443DCA /* AcuantFaceCapture.xcodeproj */;
			proxyType = 2;
			remoteGlobalIDString = 83F0BF7123D8B28E00140A06;
			remoteInfo = AcuantFaceCapture;
		};
		ED26990F25AD052B00443DCA /* PBXContainerItemProxy */ = {
			isa = PBXContainerItemProxy;
			containerPortal = ED26990B25AD052B00443DCA /* AcuantCamera.xcodeproj */;
			proxyType = 2;
			remoteGlobalIDString = 134F59D221FA0BA600CEDBFC;
			remoteInfo = AcuantCamera;
		};
/* End PBXContainerItemProxy section */

/* Begin PBXCopyFilesBuildPhase section */
		ED08190423D7D9E300913515 /* Embed Frameworks */ = {
			isa = PBXCopyFilesBuildPhase;
			buildActionMask = 2147483647;
			dstPath = "";
			dstSubfolderSpec = 10;
			files = (
				ED2698E725ACF3BA00443DCA /* AcuantFaceCapture.framework in Embed Frameworks */,
				ED26991225AD053000443DCA /* AcuantCamera.framework in Embed Frameworks */,
			);
			name = "Embed Frameworks";
			runOnlyForDeploymentPostprocessing = 0;
		};
/* End PBXCopyFilesBuildPhase section */

/* Begin PBXFileReference section */
		13750BB52125FC35009B29AA /* ClassificationErrorViewController.swift */ = {isa = PBXFileReference; lastKnownFileType = sourcecode.swift; path = ClassificationErrorViewController.swift; sourceTree = "<group>"; };
		138EA90220F7BF9B002FC333 /* ResultViewController.swift */ = {isa = PBXFileReference; lastKnownFileType = sourcecode.swift; path = ResultViewController.swift; sourceTree = "<group>"; };
		138EA90420F7CFC9002FC333 /* Utils.swift */ = {isa = PBXFileReference; lastKnownFileType = sourcecode.swift; path = Utils.swift; sourceTree = "<group>"; };
		13AC65D820EE8F8F00F0D494 /* TruliooSampleApp.app */ = {isa = PBXFileReference; explicitFileType = wrapper.application; includeInIndex = 0; path = TruliooSampleApp.app; sourceTree = BUILT_PRODUCTS_DIR; };
		13AC65DB20EE8F8F00F0D494 /* AppDelegate.swift */ = {isa = PBXFileReference; lastKnownFileType = sourcecode.swift; path = AppDelegate.swift; sourceTree = "<group>"; };
		13AC65DD20EE8F8F00F0D494 /* RootViewController.swift */ = {isa = PBXFileReference; lastKnownFileType = sourcecode.swift; path = RootViewController.swift; sourceTree = "<group>"; };
		13AC65E020EE8F8F00F0D494 /* Base */ = {isa = PBXFileReference; lastKnownFileType = file.storyboard; name = Base; path = Base.lproj/Main.storyboard; sourceTree = "<group>"; };
		13AC65E220EE8F9000F0D494 /* Assets.xcassets */ = {isa = PBXFileReference; lastKnownFileType = folder.assetcatalog; path = Assets.xcassets; sourceTree = "<group>"; };
		13AC65E520EE8F9000F0D494 /* Base */ = {isa = PBXFileReference; lastKnownFileType = file.storyboard; name = Base; path = Base.lproj/LaunchScreen.storyboard; sourceTree = "<group>"; };
		13AC65E720EE8F9000F0D494 /* Info.plist */ = {isa = PBXFileReference; lastKnownFileType = text.plist.xml; path = Info.plist; sourceTree = "<group>"; };
		13AC66BD20EED36D00F0D494 /* CustomAlert.swift */ = {isa = PBXFileReference; lastKnownFileType = sourcecode.swift; path = CustomAlert.swift; sourceTree = "<group>"; };
		13D13F1320F6AC000052B1D7 /* ConfirmationViewController.swift */ = {isa = PBXFileReference; lastKnownFileType = sourcecode.swift; path = ConfirmationViewController.swift; sourceTree = "<group>"; };
		241DDDC125C86E28000D9EEE /* TruliooImageHelper.swift */ = {isa = PBXFileReference; lastKnownFileType = sourcecode.swift; path = TruliooImageHelper.swift; sourceTree = "<group>"; };
		2A4D711C245B9997004CF703 /* AcuantPassiveLiveness.framework */ = {isa = PBXFileReference; lastKnownFileType = wrapper.framework; name = AcuantPassiveLiveness.framework; path = ../EmbeddedFrameworks/AcuantPassiveLiveness.framework; sourceTree = "<group>"; };
		2AB494FE245C90B700601A17 /* TesseractOCR.framework */ = {isa = PBXFileReference; lastKnownFileType = wrapper.framework; name = TesseractOCR.framework; path = ../EmbeddedFrameworks/TesseractOCR.framework; sourceTree = "<group>"; };
		2AE585EE245A0C9F00014E96 /* AcuantIPLiveness.framework */ = {isa = PBXFileReference; lastKnownFileType = wrapper.framework; name = AcuantIPLiveness.framework; path = ../EmbeddedFrameworks/AcuantIPLiveness.framework; sourceTree = "<group>"; };
		2AE585F0245A0C9F00014E96 /* KeychainAccess.framework */ = {isa = PBXFileReference; lastKnownFileType = wrapper.framework; name = KeychainAccess.framework; path = ../EmbeddedFrameworks/KeychainAccess.framework; sourceTree = "<group>"; };
		2AE585F1245A0C9F00014E96 /* AcuantHGLiveness.framework */ = {isa = PBXFileReference; lastKnownFileType = wrapper.framework; name = AcuantHGLiveness.framework; path = ../EmbeddedFrameworks/AcuantHGLiveness.framework; sourceTree = "<group>"; };
		2AE585F2245A0C9F00014E96 /* Starscream.framework */ = {isa = PBXFileReference; lastKnownFileType = wrapper.framework; name = Starscream.framework; path = ../EmbeddedFrameworks/Starscream.framework; sourceTree = "<group>"; };
		2AE585F3245A0C9F00014E96 /* AcuantCommon.framework */ = {isa = PBXFileReference; lastKnownFileType = wrapper.framework; name = AcuantCommon.framework; path = ../EmbeddedFrameworks/AcuantCommon.framework; sourceTree = "<group>"; };
		2AE585F4245A0C9F00014E96 /* SocketIO.framework */ = {isa = PBXFileReference; lastKnownFileType = wrapper.framework; name = SocketIO.framework; path = ../EmbeddedFrameworks/SocketIO.framework; sourceTree = "<group>"; };
		2AE585F5245A0C9F00014E96 /* AcuantFaceMatch.framework */ = {isa = PBXFileReference; lastKnownFileType = wrapper.framework; name = AcuantFaceMatch.framework; path = ../EmbeddedFrameworks/AcuantFaceMatch.framework; sourceTree = "<group>"; };
		2AE585F6245A0C9F00014E96 /* AcuantImagePreparation.framework */ = {isa = PBXFileReference; lastKnownFileType = wrapper.framework; name = AcuantImagePreparation.framework; path = ../EmbeddedFrameworks/AcuantImagePreparation.framework; sourceTree = "<group>"; };
		2AE585F7245A0C9F00014E96 /* iProov.framework */ = {isa = PBXFileReference; lastKnownFileType = wrapper.framework; name = iProov.framework; path = ../EmbeddedFrameworks/iProov.framework; sourceTree = "<group>"; };
		2AE585F8245A0CA000014E96 /* AcuantDocumentProcessing.framework */ = {isa = PBXFileReference; lastKnownFileType = wrapper.framework; name = AcuantDocumentProcessing.framework; path = ../EmbeddedFrameworks/AcuantDocumentProcessing.framework; sourceTree = "<group>"; };
		2AE585F9245A0CA000014E96 /* SwiftyJSON.framework */ = {isa = PBXFileReference; lastKnownFileType = wrapper.framework; name = SwiftyJSON.framework; path = ../EmbeddedFrameworks/SwiftyJSON.framework; sourceTree = "<group>"; };
		835108E922FA425300CC8329 /* AcuantProgressView.swift */ = {isa = PBXFileReference; fileEncoding = 4; lastKnownFileType = sourcecode.swift; name = AcuantProgressView.swift; path = View/AcuantProgressView.swift; sourceTree = "<group>"; };
		8351094B22FB462B00CC8329 /* en */ = {isa = PBXFileReference; lastKnownFileType = text.plist.strings; name = en; path = en.lproj/Localizable.strings; sourceTree = "<group>"; };
		8351094F22FB463B00CC8329 /* es */ = {isa = PBXFileReference; lastKnownFileType = text.plist.strings; name = es; path = es.lproj/Localizable.strings; sourceTree = "<group>"; };
		8351095122FB463B00CC8329 /* es */ = {isa = PBXFileReference; lastKnownFileType = text.plist.strings; name = es; path = es.lproj/Main.strings; sourceTree = "<group>"; };
		8351095422FB464A00CC8329 /* fil */ = {isa = PBXFileReference; lastKnownFileType = text.plist.strings; name = fil; path = fil.lproj/Main.strings; sourceTree = "<group>"; };
		8351095522FB464A00CC8329 /* fil */ = {isa = PBXFileReference; lastKnownFileType = text.plist.strings; name = fil; path = fil.lproj/Localizable.strings; sourceTree = "<group>"; };
		83C977F522C69D9A00FC8C53 /* CheckConnection.swift */ = {isa = PBXFileReference; fileEncoding = 4; lastKnownFileType = sourcecode.swift; path = CheckConnection.swift; sourceTree = "<group>"; };
		C229E7B52224520700FFAC6F /* AcuantConfig.plist */ = {isa = PBXFileReference; lastKnownFileType = text.plist.xml; path = AcuantConfig.plist; sourceTree = "<group>"; };
		C2B08D5822C6AF31003F2CBE /* FaceLivenessCameraController.swift */ = {isa = PBXFileReference; fileEncoding = 4; lastKnownFileType = sourcecode.swift; path = FaceLivenessCameraController.swift; sourceTree = "<group>"; };
		ED2517082370E54C00B53736 /* TruliooConfirmationViewController.swift */ = {isa = PBXFileReference; lastKnownFileType = sourcecode.swift; path = TruliooConfirmationViewController.swift; sourceTree = "<group>"; };
		ED2698D525ACF3B400443DCA /* AcuantFaceCapture.xcodeproj */ = {isa = PBXFileReference; lastKnownFileType = "wrapper.pb-project"; path = AcuantFaceCapture.xcodeproj; sourceTree = "<group>"; };
		ED2698D925ACF3B400443DCA /* FaceAcuantCameraOptions.swift */ = {isa = PBXFileReference; lastKnownFileType = sourcecode.swift; path = FaceAcuantCameraOptions.swift; sourceTree = "<group>"; };
		ED2698DA25ACF3B400443DCA /* AcuantFaceCapture.h */ = {isa = PBXFileReference; lastKnownFileType = sourcecode.c.h; path = AcuantFaceCapture.h; sourceTree = "<group>"; };
		ED2698DB25ACF3B400443DCA /* AcuantFaceCaptureController.swift */ = {isa = PBXFileReference; lastKnownFileType = sourcecode.swift; path = AcuantFaceCaptureController.swift; sourceTree = "<group>"; };
		ED2698DC25ACF3B400443DCA /* FaceCameraCornerView.swift */ = {isa = PBXFileReference; lastKnownFileType = sourcecode.swift; path = FaceCameraCornerView.swift; sourceTree = "<group>"; };
		ED2698DD25ACF3B400443DCA /* FaceCameraCornerOverlayView.swift */ = {isa = PBXFileReference; lastKnownFileType = sourcecode.swift; path = FaceCameraCornerOverlayView.swift; sourceTree = "<group>"; };
		ED2698DE25ACF3B400443DCA /* AcuantFaceDetails.swift */ = {isa = PBXFileReference; lastKnownFileType = sourcecode.swift; path = AcuantFaceDetails.swift; sourceTree = "<group>"; };
		ED2698DF25ACF3B400443DCA /* AcuantFaceState.swift */ = {isa = PBXFileReference; lastKnownFileType = sourcecode.swift; path = AcuantFaceState.swift; sourceTree = "<group>"; };
		ED2698E025ACF3B400443DCA /* AcuantFaceCaptureSession.swift */ = {isa = PBXFileReference; lastKnownFileType = sourcecode.swift; path = AcuantFaceCaptureSession.swift; sourceTree = "<group>"; };
		ED2698E125ACF3B400443DCA /* Info.plist */ = {isa = PBXFileReference; lastKnownFileType = text.plist.xml; path = Info.plist; sourceTree = "<group>"; };
		ED2698EA25AD052B00443DCA /* DocumentFeedbackDelegate.swift */ = {isa = PBXFileReference; lastKnownFileType = sourcecode.swift; path = DocumentFeedbackDelegate.swift; sourceTree = "<group>"; };
		ED2698EC25AD052B00443DCA /* UIScreenExtn.swift */ = {isa = PBXFileReference; lastKnownFileType = sourcecode.swift; path = UIScreenExtn.swift; sourceTree = "<group>"; };
		ED2698ED25AD052B00443DCA /* UIImageExtn.swift */ = {isa = PBXFileReference; lastKnownFileType = sourcecode.swift; path = UIImageExtn.swift; sourceTree = "<group>"; };
		ED2698EF25AD052B00443DCA /* AcuantCameraOptions.swift */ = {isa = PBXFileReference; lastKnownFileType = sourcecode.swift; path = AcuantCameraOptions.swift; sourceTree = "<group>"; };
		ED2698F125AD052B00443DCA /* DocumentCameraController.swift */ = {isa = PBXFileReference; lastKnownFileType = sourcecode.swift; path = DocumentCameraController.swift; sourceTree = "<group>"; };
		ED2698F325AD052B00443DCA /* AutoCaptureDelegate.swift */ = {isa = PBXFileReference; lastKnownFileType = sourcecode.swift; path = AutoCaptureDelegate.swift; sourceTree = "<group>"; };
		ED2698F425AD052B00443DCA /* DocumentCaptureDelegate.swift */ = {isa = PBXFileReference; lastKnownFileType = sourcecode.swift; path = DocumentCaptureDelegate.swift; sourceTree = "<group>"; };
		ED2698F525AD052B00443DCA /* CameraCaptureDelegate.swift */ = {isa = PBXFileReference; lastKnownFileType = sourcecode.swift; path = CameraCaptureDelegate.swift; sourceTree = "<group>"; };
		ED2698F625AD052B00443DCA /* FrameAnalysisDelegate.swift */ = {isa = PBXFileReference; lastKnownFileType = sourcecode.swift; path = FrameAnalysisDelegate.swift; sourceTree = "<group>"; };
		ED2698F725AD052B00443DCA /* DocumentCaptureSession.swift */ = {isa = PBXFileReference; lastKnownFileType = sourcecode.swift; path = DocumentCaptureSession.swift; sourceTree = "<group>"; };
		ED2698F925AD052B00443DCA /* Media.xcassets */ = {isa = PBXFileReference; lastKnownFileType = folder.assetcatalog; path = Media.xcassets; sourceTree = "<group>"; };
		ED2698FA25AD052B00443DCA /* AcuantMrzCameraController.swift */ = {isa = PBXFileReference; lastKnownFileType = sourcecode.swift; path = AcuantMrzCameraController.swift; sourceTree = "<group>"; };
		ED2698FB25AD052B00443DCA /* AcuantMrzCaptureSession.swift */ = {isa = PBXFileReference; lastKnownFileType = sourcecode.swift; path = AcuantMrzCaptureSession.swift; sourceTree = "<group>"; };
		ED2698FE25AD052B00443DCA /* StringExt.swift */ = {isa = PBXFileReference; lastKnownFileType = sourcecode.swift; path = StringExt.swift; sourceTree = "<group>"; };
		ED2698FF25AD052B00443DCA /* AcuantMrzParser.swift */ = {isa = PBXFileReference; lastKnownFileType = sourcecode.swift; path = AcuantMrzParser.swift; sourceTree = "<group>"; };
		ED26990025AD052B00443DCA /* AcuantOcrDetector.swift */ = {isa = PBXFileReference; lastKnownFileType = sourcecode.swift; path = AcuantOcrDetector.swift; sourceTree = "<group>"; };
		ED26990125AD052B00443DCA /* AcuantMrzResult.swift */ = {isa = PBXFileReference; lastKnownFileType = sourcecode.swift; path = AcuantMrzResult.swift; sourceTree = "<group>"; };
		ED26990225AD052B00443DCA /* AcuantCamera.h */ = {isa = PBXFileReference; lastKnownFileType = sourcecode.c.h; path = AcuantCamera.h; sourceTree = "<group>"; };
		ED26990425AD052B00443DCA /* CaptureConstants.swift */ = {isa = PBXFileReference; lastKnownFileType = sourcecode.swift; path = CaptureConstants.swift; sourceTree = "<group>"; };
		ED26990625AD052B00443DCA /* CameraDocumentOverlayView.swift */ = {isa = PBXFileReference; lastKnownFileType = sourcecode.swift; path = CameraDocumentOverlayView.swift; sourceTree = "<group>"; };
		ED26990725AD052B00443DCA /* AcuantCameraTextView.swift */ = {isa = PBXFileReference; lastKnownFileType = sourcecode.swift; path = AcuantCameraTextView.swift; sourceTree = "<group>"; };
		ED26990825AD052B00443DCA /* CameraCornerOverlayView.swift */ = {isa = PBXFileReference; lastKnownFileType = sourcecode.swift; path = CameraCornerOverlayView.swift; sourceTree = "<group>"; };
		ED26990925AD052B00443DCA /* CameraCornerView.swift */ = {isa = PBXFileReference; lastKnownFileType = sourcecode.swift; path = CameraCornerView.swift; sourceTree = "<group>"; };
		ED26990A25AD052B00443DCA /* Info.plist */ = {isa = PBXFileReference; lastKnownFileType = text.plist.xml; path = Info.plist; sourceTree = "<group>"; };
		ED26990B25AD052B00443DCA /* AcuantCamera.xcodeproj */ = {isa = PBXFileReference; lastKnownFileType = "wrapper.pb-project"; path = AcuantCamera.xcodeproj; sourceTree = "<group>"; };
		ED38E480236BB14A0072B736 /* TruliooTestConnectionViewController.swift */ = {isa = PBXFileReference; lastKnownFileType = sourcecode.swift; path = TruliooTestConnectionViewController.swift; sourceTree = "<group>"; };
		EDB4060D23723CCA001CF27B /* TruliooResultViewController.swift */ = {isa = PBXFileReference; lastKnownFileType = sourcecode.swift; path = TruliooResultViewController.swift; sourceTree = "<group>"; };
		EDB4060F237355A0001CF27B /* TruliooRequestClass.swift */ = {isa = PBXFileReference; lastKnownFileType = sourcecode.swift; path = TruliooRequestClass.swift; sourceTree = "<group>"; };
		EDB40611237368ED001CF27B /* TruliooResultClass.swift */ = {isa = PBXFileReference; lastKnownFileType = sourcecode.swift; path = TruliooResultClass.swift; sourceTree = "<group>"; };
		EDBE82AC2370D26C00A4ADFA /* TruliooHelper.swift */ = {isa = PBXFileReference; lastKnownFileType = sourcecode.swift; path = TruliooHelper.swift; sourceTree = "<group>"; };
/* End PBXFileReference section */

/* Begin PBXFrameworksBuildPhase section */
		13AC65D520EE8F8F00F0D494 /* Frameworks */ = {
			isa = PBXFrameworksBuildPhase;
			buildActionMask = 2147483647;
			files = (
				ED2698E625ACF3BA00443DCA /* AcuantFaceCapture.framework in Frameworks */,
				ED26991125AD053000443DCA /* AcuantCamera.framework in Frameworks */,
			);
			runOnlyForDeploymentPostprocessing = 0;
		};
/* End PBXFrameworksBuildPhase section */

/* Begin PBXGroup section */
		13AC65CF20EE8F8F00F0D494 = {
			isa = PBXGroup;
			children = (
				13AC65DA20EE8F8F00F0D494 /* SampleApp */,
				13AC65D920EE8F8F00F0D494 /* Products */,
				13AC662620EE954900F0D494 /* Frameworks */,
			);
			sourceTree = "<group>";
		};
		13AC65D920EE8F8F00F0D494 /* Products */ = {
			isa = PBXGroup;
			children = (
				13AC65D820EE8F8F00F0D494 /* TruliooSampleApp.app */,
			);
			name = Products;
			sourceTree = "<group>";
		};
		13AC65DA20EE8F8F00F0D494 /* SampleApp */ = {
			isa = PBXGroup;
			children = (
				8351094A22FB462B00CC8329 /* Localizable.strings */,
				8351095022FB463B00CC8329 /* Main.strings */,
				835108E922FA425300CC8329 /* AcuantProgressView.swift */,
				C2B08D5822C6AF31003F2CBE /* FaceLivenessCameraController.swift */,
				83C977F522C69D9A00FC8C53 /* CheckConnection.swift */,
				13AC65DB20EE8F8F00F0D494 /* AppDelegate.swift */,
				13AC65DD20EE8F8F00F0D494 /* RootViewController.swift */,
				13AC65DF20EE8F8F00F0D494 /* Main.storyboard */,
				13AC65E220EE8F9000F0D494 /* Assets.xcassets */,
				13AC65E420EE8F9000F0D494 /* LaunchScreen.storyboard */,
				13AC65E720EE8F9000F0D494 /* Info.plist */,
				13AC66BD20EED36D00F0D494 /* CustomAlert.swift */,
				13D13F1320F6AC000052B1D7 /* ConfirmationViewController.swift */,
				138EA90220F7BF9B002FC333 /* ResultViewController.swift */,
				138EA90420F7CFC9002FC333 /* Utils.swift */,
				13750BB52125FC35009B29AA /* ClassificationErrorViewController.swift */,
				C229E7B52224520700FFAC6F /* AcuantConfig.plist */,
				ED38E480236BB14A0072B736 /* TruliooTestConnectionViewController.swift */,
				EDBE82AC2370D26C00A4ADFA /* TruliooHelper.swift */,
				ED2517082370E54C00B53736 /* TruliooConfirmationViewController.swift */,
				EDB4060D23723CCA001CF27B /* TruliooResultViewController.swift */,
				EDB4060F237355A0001CF27B /* TruliooRequestClass.swift */,
				EDB40611237368ED001CF27B /* TruliooResultClass.swift */,
				241DDDC125C86E28000D9EEE /* TruliooImageHelper.swift */,
			);
			path = SampleApp;
			sourceTree = "<group>";
		};
		13AC662620EE954900F0D494 /* Frameworks */ = {
			isa = PBXGroup;
			children = (
				ED2698E825AD052B00443DCA /* AcuantCamera */,
				ED2698D425ACF3B400443DCA /* AcuantFaceCapture */,
				2AB494FE245C90B700601A17 /* TesseractOCR.framework */,
				2A4D711C245B9997004CF703 /* AcuantPassiveLiveness.framework */,
				2AE585F3245A0C9F00014E96 /* AcuantCommon.framework */,
				2AE585F8245A0CA000014E96 /* AcuantDocumentProcessing.framework */,
				2AE585F5245A0C9F00014E96 /* AcuantFaceMatch.framework */,
				2AE585F1245A0C9F00014E96 /* AcuantHGLiveness.framework */,
				2AE585F6245A0C9F00014E96 /* AcuantImagePreparation.framework */,
				2AE585EE245A0C9F00014E96 /* AcuantIPLiveness.framework */,
				2AE585F7245A0C9F00014E96 /* iProov.framework */,
				2AE585F0245A0C9F00014E96 /* KeychainAccess.framework */,
				2AE585F4245A0C9F00014E96 /* SocketIO.framework */,
				2AE585F2245A0C9F00014E96 /* Starscream.framework */,
				2AE585F9245A0CA000014E96 /* SwiftyJSON.framework */,
			);
			name = Frameworks;
			sourceTree = "<group>";
		};
		ED2698D425ACF3B400443DCA /* AcuantFaceCapture */ = {
			isa = PBXGroup;
			children = (
				ED2698D525ACF3B400443DCA /* AcuantFaceCapture.xcodeproj */,
				ED2698D825ACF3B400443DCA /* AcuantFaceCapture */,
			);
			name = AcuantFaceCapture;
			path = ../AcuantFaceCapture;
			sourceTree = "<group>";
		};
		ED2698D625ACF3B400443DCA /* Products */ = {
			isa = PBXGroup;
			children = (
				ED2698E525ACF3B400443DCA /* AcuantFaceCapture.framework */,
			);
			name = Products;
			sourceTree = "<group>";
		};
		ED2698D825ACF3B400443DCA /* AcuantFaceCapture */ = {
			isa = PBXGroup;
			children = (
				ED2698D925ACF3B400443DCA /* FaceAcuantCameraOptions.swift */,
				ED2698DA25ACF3B400443DCA /* AcuantFaceCapture.h */,
				ED2698DB25ACF3B400443DCA /* AcuantFaceCaptureController.swift */,
				ED2698DC25ACF3B400443DCA /* FaceCameraCornerView.swift */,
				ED2698DD25ACF3B400443DCA /* FaceCameraCornerOverlayView.swift */,
				ED2698DE25ACF3B400443DCA /* AcuantFaceDetails.swift */,
				ED2698DF25ACF3B400443DCA /* AcuantFaceState.swift */,
				ED2698E025ACF3B400443DCA /* AcuantFaceCaptureSession.swift */,
				ED2698E125ACF3B400443DCA /* Info.plist */,
			);
			path = AcuantFaceCapture;
			sourceTree = "<group>";
		};
		ED2698E825AD052B00443DCA /* AcuantCamera */ = {
			isa = PBXGroup;
			children = (
				ED2698E925AD052B00443DCA /* AcuantCamera */,
				ED26990B25AD052B00443DCA /* AcuantCamera.xcodeproj */,
			);
			name = AcuantCamera;
			path = ../AcuantCamera;
			sourceTree = "<group>";
		};
		ED2698E925AD052B00443DCA /* AcuantCamera */ = {
			isa = PBXGroup;
			children = (
				ED2698EA25AD052B00443DCA /* DocumentFeedbackDelegate.swift */,
				ED2698EB25AD052B00443DCA /* Extension */,
				ED2698EE25AD052B00443DCA /* Camera */,
				ED26990225AD052B00443DCA /* AcuantCamera.h */,
				ED26990325AD052B00443DCA /* Constant */,
				ED26990525AD052B00443DCA /* View */,
				ED26990A25AD052B00443DCA /* Info.plist */,
			);
			path = AcuantCamera;
			sourceTree = "<group>";
		};
		ED2698EB25AD052B00443DCA /* Extension */ = {
			isa = PBXGroup;
			children = (
				ED2698EC25AD052B00443DCA /* UIScreenExtn.swift */,
				ED2698ED25AD052B00443DCA /* UIImageExtn.swift */,
			);
			path = Extension;
			sourceTree = "<group>";
		};
		ED2698EE25AD052B00443DCA /* Camera */ = {
			isa = PBXGroup;
			children = (
				ED2698EF25AD052B00443DCA /* AcuantCameraOptions.swift */,
				ED2698F025AD052B00443DCA /* Document */,
				ED2698F825AD052B00443DCA /* Mrz */,
			);
			path = Camera;
			sourceTree = "<group>";
		};
		ED2698F025AD052B00443DCA /* Document */ = {
			isa = PBXGroup;
			children = (
				ED2698F125AD052B00443DCA /* DocumentCameraController.swift */,
				ED2698F225AD052B00443DCA /* Delegate */,
				ED2698F725AD052B00443DCA /* DocumentCaptureSession.swift */,
			);
			path = Document;
			sourceTree = "<group>";
		};
		ED2698F225AD052B00443DCA /* Delegate */ = {
			isa = PBXGroup;
			children = (
				ED2698F325AD052B00443DCA /* AutoCaptureDelegate.swift */,
				ED2698F425AD052B00443DCA /* DocumentCaptureDelegate.swift */,
				ED2698F525AD052B00443DCA /* CameraCaptureDelegate.swift */,
				ED2698F625AD052B00443DCA /* FrameAnalysisDelegate.swift */,
			);
			path = Delegate;
			sourceTree = "<group>";
		};
		ED2698F825AD052B00443DCA /* Mrz */ = {
			isa = PBXGroup;
			children = (
				ED2698F925AD052B00443DCA /* Media.xcassets */,
				ED2698FA25AD052B00443DCA /* AcuantMrzCameraController.swift */,
				ED2698FB25AD052B00443DCA /* AcuantMrzCaptureSession.swift */,
				ED2698FC25AD052B00443DCA /* OCR */,
			);
			path = Mrz;
			sourceTree = "<group>";
		};
		ED2698FC25AD052B00443DCA /* OCR */ = {
			isa = PBXGroup;
			children = (
				ED2698FD25AD052B00443DCA /* Utils */,
				ED26990025AD052B00443DCA /* AcuantOcrDetector.swift */,
				ED26990125AD052B00443DCA /* AcuantMrzResult.swift */,
			);
			path = OCR;
			sourceTree = "<group>";
		};
		ED2698FD25AD052B00443DCA /* Utils */ = {
			isa = PBXGroup;
			children = (
				ED2698FE25AD052B00443DCA /* StringExt.swift */,
				ED2698FF25AD052B00443DCA /* AcuantMrzParser.swift */,
			);
			path = Utils;
			sourceTree = "<group>";
		};
		ED26990325AD052B00443DCA /* Constant */ = {
			isa = PBXGroup;
			children = (
				ED26990425AD052B00443DCA /* CaptureConstants.swift */,
			);
			path = Constant;
			sourceTree = "<group>";
		};
		ED26990525AD052B00443DCA /* View */ = {
			isa = PBXGroup;
			children = (
				ED26990625AD052B00443DCA /* CameraDocumentOverlayView.swift */,
				ED26990725AD052B00443DCA /* AcuantCameraTextView.swift */,
				ED26990825AD052B00443DCA /* CameraCornerOverlayView.swift */,
				ED26990925AD052B00443DCA /* CameraCornerView.swift */,
			);
			path = View;
			sourceTree = "<group>";
		};
		ED26990C25AD052B00443DCA /* Products */ = {
			isa = PBXGroup;
			children = (
				ED26991025AD052B00443DCA /* AcuantCamera.framework */,
			);
			name = Products;
			sourceTree = "<group>";
		};
/* End PBXGroup section */

/* Begin PBXNativeTarget section */
		13AC65D720EE8F8F00F0D494 /* SampleApp */ = {
			isa = PBXNativeTarget;
			buildConfigurationList = 13AC660020EE8F9000F0D494 /* Build configuration list for PBXNativeTarget "SampleApp" */;
			buildPhases = (
				13AC65D420EE8F8F00F0D494 /* Sources */,
				13AC65D520EE8F8F00F0D494 /* Frameworks */,
				13AC65D620EE8F8F00F0D494 /* Resources */,
				ED08190423D7D9E300913515 /* Embed Frameworks */,
				ED08193B23D7DAA200913515 /* Run Script */,
			);
			buildRules = (
			);
			dependencies = (
			);
			name = SampleApp;
			productName = SampleApp;
			productReference = 13AC65D820EE8F8F00F0D494 /* TruliooSampleApp.app */;
			productType = "com.apple.product-type.application";
		};
/* End PBXNativeTarget section */

/* Begin PBXProject section */
		13AC65D020EE8F8F00F0D494 /* Project object */ = {
			isa = PBXProject;
			attributes = {
				LastSwiftUpdateCheck = 0940;
				LastUpgradeCheck = 1130;
				ORGANIZATIONNAME = com.acuant;
				TargetAttributes = {
					13AC65D720EE8F8F00F0D494 = {
						CreatedOnToolsVersion = 9.4.1;
					};
				};
			};
			buildConfigurationList = 13AC65D320EE8F8F00F0D494 /* Build configuration list for PBXProject "SampleApp" */;
			compatibilityVersion = "Xcode 9.3";
			developmentRegion = en;
			hasScannedForEncodings = 0;
			knownRegions = (
				en,
				Base,
				es,
				fil,
			);
			mainGroup = 13AC65CF20EE8F8F00F0D494;
			productRefGroup = 13AC65D920EE8F8F00F0D494 /* Products */;
			projectDirPath = "";
			projectReferences = (
				{
					ProductGroup = ED26990C25AD052B00443DCA /* Products */;
					ProjectRef = ED26990B25AD052B00443DCA /* AcuantCamera.xcodeproj */;
				},
				{
					ProductGroup = ED2698D625ACF3B400443DCA /* Products */;
					ProjectRef = ED2698D525ACF3B400443DCA /* AcuantFaceCapture.xcodeproj */;
				},
			);
			projectRoot = "";
			targets = (
				13AC65D720EE8F8F00F0D494 /* SampleApp */,
			);
		};
/* End PBXProject section */

/* Begin PBXReferenceProxy section */
		ED2698E525ACF3B400443DCA /* AcuantFaceCapture.framework */ = {
			isa = PBXReferenceProxy;
			fileType = wrapper.framework;
			path = AcuantFaceCapture.framework;
			remoteRef = ED2698E425ACF3B400443DCA /* PBXContainerItemProxy */;
			sourceTree = BUILT_PRODUCTS_DIR;
		};
		ED26991025AD052B00443DCA /* AcuantCamera.framework */ = {
			isa = PBXReferenceProxy;
			fileType = wrapper.framework;
			path = AcuantCamera.framework;
			remoteRef = ED26990F25AD052B00443DCA /* PBXContainerItemProxy */;
			sourceTree = BUILT_PRODUCTS_DIR;
		};
/* End PBXReferenceProxy section */

/* Begin PBXResourcesBuildPhase section */
		13AC65D620EE8F8F00F0D494 /* Resources */ = {
			isa = PBXResourcesBuildPhase;
			buildActionMask = 2147483647;
			files = (
				8351094C22FB462B00CC8329 /* Localizable.strings in Resources */,
				C229E7B62224520700FFAC6F /* AcuantConfig.plist in Resources */,
				13AC65E620EE8F9000F0D494 /* LaunchScreen.storyboard in Resources */,
				8351095322FB463B00CC8329 /* Main.strings in Resources */,
				13AC65E320EE8F9000F0D494 /* Assets.xcassets in Resources */,
				13AC65E120EE8F8F00F0D494 /* Main.storyboard in Resources */,
			);
			runOnlyForDeploymentPostprocessing = 0;
		};
/* End PBXResourcesBuildPhase section */

/* Begin PBXShellScriptBuildPhase section */
		ED08193B23D7DAA200913515 /* Run Script */ = {
			isa = PBXShellScriptBuildPhase;
			buildActionMask = 2147483647;
			files = (
			);
			inputFileListPaths = (
				"$(SRCROOT)/input.xcfilelist",
			);
			inputPaths = (
			);
			name = "Run Script";
			outputFileListPaths = (
				"$(SRCROOT)/output.xcfilelist",
			);
			outputPaths = (
			);
			runOnlyForDeploymentPostprocessing = 0;
			shellPath = /bin/sh;
			shellScript = "# Type a script or drag a script file from your workspace to insert its path.\n/usr/local/bin/carthage copy-frameworks\n";
		};
/* End PBXShellScriptBuildPhase section */

/* Begin PBXSourcesBuildPhase section */
		13AC65D420EE8F8F00F0D494 /* Sources */ = {
			isa = PBXSourcesBuildPhase;
			buildActionMask = 2147483647;
			files = (
				13D13F1420F6AC000052B1D7 /* ConfirmationViewController.swift in Sources */,
				138EA90520F7CFC9002FC333 /* Utils.swift in Sources */,
				241DDDC225C86E28000D9EEE /* TruliooImageHelper.swift in Sources */,
				EDB4060E23723CCA001CF27B /* TruliooResultViewController.swift in Sources */,
				EDB40610237355A0001CF27B /* TruliooRequestClass.swift in Sources */,
				EDBE82AD2370D26C00A4ADFA /* TruliooHelper.swift in Sources */,
				ED38E481236BB14A0072B736 /* TruliooTestConnectionViewController.swift in Sources */,
				13750BB62125FC35009B29AA /* ClassificationErrorViewController.swift in Sources */,
				13AC65DE20EE8F8F00F0D494 /* RootViewController.swift in Sources */,
				EDB40612237368ED001CF27B /* TruliooResultClass.swift in Sources */,
				C2B08D5922C6AF31003F2CBE /* FaceLivenessCameraController.swift in Sources */,
				138EA90320F7BF9B002FC333 /* ResultViewController.swift in Sources */,
				83C977F622C69D9A00FC8C53 /* CheckConnection.swift in Sources */,
				835108EA22FA425300CC8329 /* AcuantProgressView.swift in Sources */,
				13AC65DC20EE8F8F00F0D494 /* AppDelegate.swift in Sources */,
				13AC66BE20EED36D00F0D494 /* CustomAlert.swift in Sources */,
				ED2517092370E54C00B53736 /* TruliooConfirmationViewController.swift in Sources */,
			);
			runOnlyForDeploymentPostprocessing = 0;
		};
/* End PBXSourcesBuildPhase section */

/* Begin PBXVariantGroup section */
		13AC65DF20EE8F8F00F0D494 /* Main.storyboard */ = {
			isa = PBXVariantGroup;
			children = (
				13AC65E020EE8F8F00F0D494 /* Base */,
			);
			name = Main.storyboard;
			sourceTree = "<group>";
		};
		13AC65E420EE8F9000F0D494 /* LaunchScreen.storyboard */ = {
			isa = PBXVariantGroup;
			children = (
				13AC65E520EE8F9000F0D494 /* Base */,
			);
			name = LaunchScreen.storyboard;
			sourceTree = "<group>";
		};
		8351094A22FB462B00CC8329 /* Localizable.strings */ = {
			isa = PBXVariantGroup;
			children = (
				8351094B22FB462B00CC8329 /* en */,
				8351094F22FB463B00CC8329 /* es */,
				8351095522FB464A00CC8329 /* fil */,
			);
			name = Localizable.strings;
			sourceTree = "<group>";
		};
		8351095022FB463B00CC8329 /* Main.strings */ = {
			isa = PBXVariantGroup;
			children = (
				8351095122FB463B00CC8329 /* es */,
				8351095422FB464A00CC8329 /* fil */,
			);
			name = Main.strings;
			sourceTree = "<group>";
		};
/* End PBXVariantGroup section */

/* Begin XCBuildConfiguration section */
		13AC65FE20EE8F9000F0D494 /* Debug */ = {
			isa = XCBuildConfiguration;
			buildSettings = {
				ALWAYS_SEARCH_USER_PATHS = NO;
				BUILD_LIBRARY_FOR_DISTRIBUTION = YES;
				CLANG_ANALYZER_LOCALIZABILITY_NONLOCALIZED = YES;
				CLANG_ANALYZER_NONNULL = YES;
				CLANG_ANALYZER_NUMBER_OBJECT_CONVERSION = YES_AGGRESSIVE;
				CLANG_CXX_LANGUAGE_STANDARD = "gnu++14";
				CLANG_CXX_LIBRARY = "libc++";
				CLANG_ENABLE_MODULES = YES;
				CLANG_ENABLE_OBJC_ARC = YES;
				CLANG_ENABLE_OBJC_WEAK = YES;
				CLANG_WARN_BLOCK_CAPTURE_AUTORELEASING = YES;
				CLANG_WARN_BOOL_CONVERSION = YES;
				CLANG_WARN_COMMA = YES;
				CLANG_WARN_CONSTANT_CONVERSION = YES;
				CLANG_WARN_DEPRECATED_OBJC_IMPLEMENTATIONS = YES;
				CLANG_WARN_DIRECT_OBJC_ISA_USAGE = YES_ERROR;
				CLANG_WARN_DOCUMENTATION_COMMENTS = YES;
				CLANG_WARN_EMPTY_BODY = YES;
				CLANG_WARN_ENUM_CONVERSION = YES;
				CLANG_WARN_INFINITE_RECURSION = YES;
				CLANG_WARN_INT_CONVERSION = YES;
				CLANG_WARN_NON_LITERAL_NULL_CONVERSION = YES;
				CLANG_WARN_OBJC_IMPLICIT_RETAIN_SELF = YES;
				CLANG_WARN_OBJC_LITERAL_CONVERSION = YES;
				CLANG_WARN_OBJC_ROOT_CLASS = YES_ERROR;
				CLANG_WARN_RANGE_LOOP_ANALYSIS = YES;
				CLANG_WARN_STRICT_PROTOTYPES = YES;
				CLANG_WARN_SUSPICIOUS_MOVE = YES;
				CLANG_WARN_UNGUARDED_AVAILABILITY = YES_AGGRESSIVE;
				CLANG_WARN_UNREACHABLE_CODE = YES;
				CLANG_WARN__DUPLICATE_METHOD_MATCH = YES;
				CODE_SIGN_IDENTITY = "iPhone Developer";
				COPY_PHASE_STRIP = NO;
				DEBUG_INFORMATION_FORMAT = dwarf;
				ENABLE_STRICT_OBJC_MSGSEND = YES;
				ENABLE_TESTABILITY = YES;
				GCC_C_LANGUAGE_STANDARD = gnu11;
				GCC_DYNAMIC_NO_PIC = NO;
				GCC_NO_COMMON_BLOCKS = YES;
				GCC_OPTIMIZATION_LEVEL = 0;
				GCC_PREPROCESSOR_DEFINITIONS = (
					"DEBUG=1",
					"$(inherited)",
				);
				GCC_WARN_64_TO_32_BIT_CONVERSION = YES;
				GCC_WARN_ABOUT_RETURN_TYPE = YES_ERROR;
				GCC_WARN_UNDECLARED_SELECTOR = YES;
				GCC_WARN_UNINITIALIZED_AUTOS = YES_AGGRESSIVE;
				GCC_WARN_UNUSED_FUNCTION = YES;
				GCC_WARN_UNUSED_VARIABLE = YES;
				IPHONEOS_DEPLOYMENT_TARGET = 11.4;
				MTL_ENABLE_DEBUG_INFO = YES;
				ONLY_ACTIVE_ARCH = YES;
				SDKROOT = iphoneos;
				SWIFT_ACTIVE_COMPILATION_CONDITIONS = DEBUG;
				SWIFT_OPTIMIZATION_LEVEL = "-Onone";
			};
			name = Debug;
		};
		13AC65FF20EE8F9000F0D494 /* Release */ = {
			isa = XCBuildConfiguration;
			buildSettings = {
				ALWAYS_SEARCH_USER_PATHS = NO;
				BUILD_LIBRARY_FOR_DISTRIBUTION = YES;
				CLANG_ANALYZER_LOCALIZABILITY_NONLOCALIZED = YES;
				CLANG_ANALYZER_NONNULL = YES;
				CLANG_ANALYZER_NUMBER_OBJECT_CONVERSION = YES_AGGRESSIVE;
				CLANG_CXX_LANGUAGE_STANDARD = "gnu++14";
				CLANG_CXX_LIBRARY = "libc++";
				CLANG_ENABLE_MODULES = YES;
				CLANG_ENABLE_OBJC_ARC = YES;
				CLANG_ENABLE_OBJC_WEAK = YES;
				CLANG_WARN_BLOCK_CAPTURE_AUTORELEASING = YES;
				CLANG_WARN_BOOL_CONVERSION = YES;
				CLANG_WARN_COMMA = YES;
				CLANG_WARN_CONSTANT_CONVERSION = YES;
				CLANG_WARN_DEPRECATED_OBJC_IMPLEMENTATIONS = YES;
				CLANG_WARN_DIRECT_OBJC_ISA_USAGE = YES_ERROR;
				CLANG_WARN_DOCUMENTATION_COMMENTS = YES;
				CLANG_WARN_EMPTY_BODY = YES;
				CLANG_WARN_ENUM_CONVERSION = YES;
				CLANG_WARN_INFINITE_RECURSION = YES;
				CLANG_WARN_INT_CONVERSION = YES;
				CLANG_WARN_NON_LITERAL_NULL_CONVERSION = YES;
				CLANG_WARN_OBJC_IMPLICIT_RETAIN_SELF = YES;
				CLANG_WARN_OBJC_LITERAL_CONVERSION = YES;
				CLANG_WARN_OBJC_ROOT_CLASS = YES_ERROR;
				CLANG_WARN_RANGE_LOOP_ANALYSIS = YES;
				CLANG_WARN_STRICT_PROTOTYPES = YES;
				CLANG_WARN_SUSPICIOUS_MOVE = YES;
				CLANG_WARN_UNGUARDED_AVAILABILITY = YES_AGGRESSIVE;
				CLANG_WARN_UNREACHABLE_CODE = YES;
				CLANG_WARN__DUPLICATE_METHOD_MATCH = YES;
				CODE_SIGN_IDENTITY = "iPhone Developer";
				COPY_PHASE_STRIP = NO;
				DEBUG_INFORMATION_FORMAT = "dwarf-with-dsym";
				ENABLE_NS_ASSERTIONS = NO;
				ENABLE_STRICT_OBJC_MSGSEND = YES;
				GCC_C_LANGUAGE_STANDARD = gnu11;
				GCC_NO_COMMON_BLOCKS = YES;
				GCC_WARN_64_TO_32_BIT_CONVERSION = YES;
				GCC_WARN_ABOUT_RETURN_TYPE = YES_ERROR;
				GCC_WARN_UNDECLARED_SELECTOR = YES;
				GCC_WARN_UNINITIALIZED_AUTOS = YES_AGGRESSIVE;
				GCC_WARN_UNUSED_FUNCTION = YES;
				GCC_WARN_UNUSED_VARIABLE = YES;
				IPHONEOS_DEPLOYMENT_TARGET = 11.4;
				MTL_ENABLE_DEBUG_INFO = NO;
				SDKROOT = iphoneos;
				SWIFT_COMPILATION_MODE = wholemodule;
				SWIFT_OPTIMIZATION_LEVEL = "-O";
				VALIDATE_PRODUCT = NO;
			};
			name = Release;
		};
		13AC660120EE8F9000F0D494 /* Debug */ = {
			isa = XCBuildConfiguration;
			buildSettings = {
				ASSETCATALOG_COMPILER_APPICON_NAME = AppIcon;
				CLANG_CXX_LANGUAGE_STANDARD = "c++0x";
				CLANG_WARN_CXX0X_EXTENSIONS = NO;
				CODE_SIGN_IDENTITY = "Apple Development";
				CODE_SIGN_STYLE = Automatic;
				DEVELOPMENT_TEAM = Y2T52UAR7Z;
				FRAMEWORK_SEARCH_PATHS = (
					"$(inherited)",
					"$(PROJECT_DIR)/../EmbeddedFrameworks",
				);
				INFOPLIST_FILE = SampleApp/Info.plist;
				IPHONEOS_DEPLOYMENT_TARGET = 11.0;
				LD_RUNPATH_SEARCH_PATHS = (
					"$(inherited)",
					"@executable_path/Frameworks",
				);
				PRODUCT_BUNDLE_IDENTIFIER = trulioo.globalgateway.acuantsampleapp;
				PRODUCT_NAME = TruliooSampleApp;
				PROVISIONING_PROFILE_SPECIFIER = "";
				SWIFT_VERSION = 5.0;
				TARGETED_DEVICE_FAMILY = 1;
			};
			name = Debug;
		};
		13AC660220EE8F9000F0D494 /* Release */ = {
			isa = XCBuildConfiguration;
			buildSettings = {
				ASSETCATALOG_COMPILER_APPICON_NAME = AppIcon;
				CLANG_CXX_LANGUAGE_STANDARD = "c++0x";
				CLANG_WARN_CXX0X_EXTENSIONS = NO;
				CODE_SIGN_IDENTITY = "Apple Development";
				CODE_SIGN_STYLE = Automatic;
				DEVELOPMENT_TEAM = Y2T52UAR7Z;
				FRAMEWORK_SEARCH_PATHS = (
					"$(inherited)",
					"$(PROJECT_DIR)/../EmbeddedFrameworks",
				);
				INFOPLIST_FILE = SampleApp/Info.plist;
				IPHONEOS_DEPLOYMENT_TARGET = 11.0;
				LD_RUNPATH_SEARCH_PATHS = (
					"$(inherited)",
					"@executable_path/Frameworks",
				);
				PRODUCT_BUNDLE_IDENTIFIER = trulioo.globalgateway.acuantsampleapp;
				PRODUCT_NAME = TruliooSampleApp;
				PROVISIONING_PROFILE_SPECIFIER = "";
				SWIFT_VERSION = 5.0;
				TARGETED_DEVICE_FAMILY = 1;
			};
			name = Release;
		};
/* End XCBuildConfiguration section */

/* Begin XCConfigurationList section */
		13AC65D320EE8F8F00F0D494 /* Build configuration list for PBXProject "SampleApp" */ = {
			isa = XCConfigurationList;
			buildConfigurations = (
				13AC65FE20EE8F9000F0D494 /* Debug */,
				13AC65FF20EE8F9000F0D494 /* Release */,
			);
			defaultConfigurationIsVisible = 0;
			defaultConfigurationName = Release;
		};
		13AC660020EE8F9000F0D494 /* Build configuration list for PBXNativeTarget "SampleApp" */ = {
			isa = XCConfigurationList;
			buildConfigurations = (
				13AC660120EE8F9000F0D494 /* Debug */,
				13AC660220EE8F9000F0D494 /* Release */,
			);
			defaultConfigurationIsVisible = 0;
			defaultConfigurationName = Release;
		};
/* End XCConfigurationList section */
	};
	rootObject = 13AC65D020EE8F8F00F0D494 /* Project object */;
}
