// !$*UTF8*$!
{
	archiveVersion = 1;
	classes = {
	};
	objectVersion = 51;
	objects = {

/* Begin PBXBuildFile section */
		13750BB62125FC35009B29AA /* ClassificationErrorViewController.swift in Sources */ = {isa = PBXBuildFile; fileRef = 13750BB52125FC35009B29AA /* ClassificationErrorViewController.swift */; };
		138EA90320F7BF9B002FC333 /* ResultViewController.swift in Sources */ = {isa = PBXBuildFile; fileRef = 138EA90220F7BF9B002FC333 /* ResultViewController.swift */; };
		138EA90520F7CFC9002FC333 /* Utils.swift in Sources */ = {isa = PBXBuildFile; fileRef = 138EA90420F7CFC9002FC333 /* Utils.swift */; };
		13AC65DC20EE8F8F00F0D494 /* AppDelegate.swift in Sources */ = {isa = PBXBuildFile; fileRef = 13AC65DB20EE8F8F00F0D494 /* AppDelegate.swift */; };
		13AC65DE20EE8F8F00F0D494 /* RootViewController.swift in Sources */ = {isa = PBXBuildFile; fileRef = 13AC65DD20EE8F8F00F0D494 /* RootViewController.swift */; };
		13AC65E120EE8F8F00F0D494 /* Main.storyboard in Resources */ = {isa = PBXBuildFile; fileRef = 13AC65DF20EE8F8F00F0D494 /* Main.storyboard */; };
		13AC65E320EE8F9000F0D494 /* Assets.xcassets in Resources */ = {isa = PBXBuildFile; fileRef = 13AC65E220EE8F9000F0D494 /* Assets.xcassets */; };
		13AC65E620EE8F9000F0D494 /* LaunchScreen.storyboard in Resources */ = {isa = PBXBuildFile; fileRef = 13AC65E420EE8F9000F0D494 /* LaunchScreen.storyboard */; };
		13AC66BE20EED36D00F0D494 /* CustomAlert.swift in Sources */ = {isa = PBXBuildFile; fileRef = 13AC66BD20EED36D00F0D494 /* CustomAlert.swift */; };
		13D13F1420F6AC000052B1D7 /* ConfirmationViewController.swift in Sources */ = {isa = PBXBuildFile; fileRef = 13D13F1320F6AC000052B1D7 /* ConfirmationViewController.swift */; };
		835108EA22FA425300CC8329 /* AcuantProgressView.swift in Sources */ = {isa = PBXBuildFile; fileRef = 835108E922FA425300CC8329 /* AcuantProgressView.swift */; };
		8351094C22FB462B00CC8329 /* Localizable.strings in Resources */ = {isa = PBXBuildFile; fileRef = 8351094A22FB462B00CC8329 /* Localizable.strings */; };
		8351095322FB463B00CC8329 /* Main.strings in Resources */ = {isa = PBXBuildFile; fileRef = 8351095022FB463B00CC8329 /* Main.strings */; };
		83C977F622C69D9A00FC8C53 /* CheckConnection.swift in Sources */ = {isa = PBXBuildFile; fileRef = 83C977F522C69D9A00FC8C53 /* CheckConnection.swift */; };
		C229E7B62224520700FFAC6F /* AcuantConfig.plist in Resources */ = {isa = PBXBuildFile; fileRef = C229E7B52224520700FFAC6F /* AcuantConfig.plist */; };
		C2B08D5922C6AF31003F2CBE /* FaceLivenessCameraController.swift in Sources */ = {isa = PBXBuildFile; fileRef = C2B08D5822C6AF31003F2CBE /* FaceLivenessCameraController.swift */; };
		ED08195623D7DB0700913515 /* AcuantCamera.framework in Frameworks */ = {isa = PBXBuildFile; fileRef = ED08195523D7DAFA00913515 /* AcuantCamera.framework */; };
		ED08195723D7DB0700913515 /* AcuantCamera.framework in Embed Frameworks */ = {isa = PBXBuildFile; fileRef = ED08195523D7DAFA00913515 /* AcuantCamera.framework */; settings = {ATTRIBUTES = (CodeSignOnCopy, RemoveHeadersOnCopy, ); }; };
		ED2517092370E54C00B53736 /* TruliooConfirmationViewController.swift in Sources */ = {isa = PBXBuildFile; fileRef = ED2517082370E54C00B53736 /* TruliooConfirmationViewController.swift */; };
		ED38E481236BB14A0072B736 /* TruliooTestConnectionViewController.swift in Sources */ = {isa = PBXBuildFile; fileRef = ED38E480236BB14A0072B736 /* TruliooTestConnectionViewController.swift */; };
		EDB4060E23723CCA001CF27B /* TruliooResultViewController.swift in Sources */ = {isa = PBXBuildFile; fileRef = EDB4060D23723CCA001CF27B /* TruliooResultViewController.swift */; };
		EDB40610237355A0001CF27B /* TruliooRequestClass.swift in Sources */ = {isa = PBXBuildFile; fileRef = EDB4060F237355A0001CF27B /* TruliooRequestClass.swift */; };
		EDB40612237368ED001CF27B /* TruliooResultClass.swift in Sources */ = {isa = PBXBuildFile; fileRef = EDB40611237368ED001CF27B /* TruliooResultClass.swift */; };
		EDBE82AD2370D26C00A4ADFA /* TruliooHelper.swift in Sources */ = {isa = PBXBuildFile; fileRef = EDBE82AC2370D26C00A4ADFA /* TruliooHelper.swift */; };
/* End PBXBuildFile section */

/* Begin PBXContainerItemProxy section */
		ED08195423D7DAFA00913515 /* PBXContainerItemProxy */ = {
			isa = PBXContainerItemProxy;
			containerPortal = ED08195023D7DAFA00913515 /* AcuantCamera.xcodeproj */;
			proxyType = 2;
			remoteGlobalIDString = 134F59D221FA0BA600CEDBFC;
			remoteInfo = AcuantCamera;
		};
/* End PBXContainerItemProxy section */

/* Begin PBXCopyFilesBuildPhase section */
		ED08190423D7D9E300913515 /* Embed Frameworks */ = {
			isa = PBXCopyFilesBuildPhase;
			buildActionMask = 2147483647;
			dstPath = "";
			dstSubfolderSpec = 10;
			files = (
				ED08195723D7DB0700913515 /* AcuantCamera.framework in Embed Frameworks */,
			);
			name = "Embed Frameworks";
			runOnlyForDeploymentPostprocessing = 0;
		};
/* End PBXCopyFilesBuildPhase section */

/* Begin PBXFileReference section */
		13750BB52125FC35009B29AA /* ClassificationErrorViewController.swift */ = {isa = PBXFileReference; lastKnownFileType = sourcecode.swift; path = ClassificationErrorViewController.swift; sourceTree = "<group>"; };
		138EA90220F7BF9B002FC333 /* ResultViewController.swift */ = {isa = PBXFileReference; lastKnownFileType = sourcecode.swift; path = ResultViewController.swift; sourceTree = "<group>"; };
		138EA90420F7CFC9002FC333 /* Utils.swift */ = {isa = PBXFileReference; lastKnownFileType = sourcecode.swift; path = Utils.swift; sourceTree = "<group>"; };
		13AC65D820EE8F8F00F0D494 /* TruliooSampleApp.app */ = {isa = PBXFileReference; explicitFileType = wrapper.application; includeInIndex = 0; path = TruliooSampleApp.app; sourceTree = BUILT_PRODUCTS_DIR; };
		13AC65DB20EE8F8F00F0D494 /* AppDelegate.swift */ = {isa = PBXFileReference; lastKnownFileType = sourcecode.swift; path = AppDelegate.swift; sourceTree = "<group>"; };
		13AC65DD20EE8F8F00F0D494 /* RootViewController.swift */ = {isa = PBXFileReference; lastKnownFileType = sourcecode.swift; path = RootViewController.swift; sourceTree = "<group>"; };
		13AC65E020EE8F8F00F0D494 /* Base */ = {isa = PBXFileReference; lastKnownFileType = file.storyboard; name = Base; path = Base.lproj/Main.storyboard; sourceTree = "<group>"; };
		13AC65E220EE8F9000F0D494 /* Assets.xcassets */ = {isa = PBXFileReference; lastKnownFileType = folder.assetcatalog; path = Assets.xcassets; sourceTree = "<group>"; };
		13AC65E520EE8F9000F0D494 /* Base */ = {isa = PBXFileReference; lastKnownFileType = file.storyboard; name = Base; path = Base.lproj/LaunchScreen.storyboard; sourceTree = "<group>"; };
		13AC65E720EE8F9000F0D494 /* Info.plist */ = {isa = PBXFileReference; lastKnownFileType = text.plist.xml; path = Info.plist; sourceTree = "<group>"; };
		13AC66BD20EED36D00F0D494 /* CustomAlert.swift */ = {isa = PBXFileReference; lastKnownFileType = sourcecode.swift; path = CustomAlert.swift; sourceTree = "<group>"; };
		13D13F1320F6AC000052B1D7 /* ConfirmationViewController.swift */ = {isa = PBXFileReference; lastKnownFileType = sourcecode.swift; path = ConfirmationViewController.swift; sourceTree = "<group>"; };
		835108E922FA425300CC8329 /* AcuantProgressView.swift */ = {isa = PBXFileReference; fileEncoding = 4; lastKnownFileType = sourcecode.swift; name = AcuantProgressView.swift; path = View/AcuantProgressView.swift; sourceTree = "<group>"; };
		8351094B22FB462B00CC8329 /* en */ = {isa = PBXFileReference; lastKnownFileType = text.plist.strings; name = en; path = en.lproj/Localizable.strings; sourceTree = "<group>"; };
		8351094F22FB463B00CC8329 /* es */ = {isa = PBXFileReference; lastKnownFileType = text.plist.strings; name = es; path = es.lproj/Localizable.strings; sourceTree = "<group>"; };
		8351095122FB463B00CC8329 /* es */ = {isa = PBXFileReference; lastKnownFileType = text.plist.strings; name = es; path = es.lproj/Main.strings; sourceTree = "<group>"; };
		8351095422FB464A00CC8329 /* fil */ = {isa = PBXFileReference; lastKnownFileType = text.plist.strings; name = fil; path = fil.lproj/Main.strings; sourceTree = "<group>"; };
		8351095522FB464A00CC8329 /* fil */ = {isa = PBXFileReference; lastKnownFileType = text.plist.strings; name = fil; path = fil.lproj/Localizable.strings; sourceTree = "<group>"; };
		83C977F522C69D9A00FC8C53 /* CheckConnection.swift */ = {isa = PBXFileReference; fileEncoding = 4; lastKnownFileType = sourcecode.swift; path = CheckConnection.swift; sourceTree = "<group>"; };
		C229E7B52224520700FFAC6F /* AcuantConfig.plist */ = {isa = PBXFileReference; lastKnownFileType = text.plist.xml; path = AcuantConfig.plist; sourceTree = "<group>"; };
		C2B08D5822C6AF31003F2CBE /* FaceLivenessCameraController.swift */ = {isa = PBXFileReference; fileEncoding = 4; lastKnownFileType = sourcecode.swift; path = FaceLivenessCameraController.swift; sourceTree = "<group>"; };
		ED08191A23D7DA7700913515 /* Starscream.framework */ = {isa = PBXFileReference; lastKnownFileType = wrapper.framework; name = Starscream.framework; path = ../EmbeddedFrameworks/Starscream.framework; sourceTree = "<group>"; };
		ED08191B23D7DA7700913515 /* iProov.framework */ = {isa = PBXFileReference; lastKnownFileType = wrapper.framework; name = iProov.framework; path = ../EmbeddedFrameworks/iProov.framework; sourceTree = "<group>"; };
		ED08191C23D7DA7700913515 /* SocketIO.framework */ = {isa = PBXFileReference; lastKnownFileType = wrapper.framework; name = SocketIO.framework; path = ../EmbeddedFrameworks/SocketIO.framework; sourceTree = "<group>"; };
		ED08191D23D7DA7800913515 /* AcuantCommon.framework */ = {isa = PBXFileReference; lastKnownFileType = wrapper.framework; name = AcuantCommon.framework; path = ../EmbeddedFrameworks/AcuantCommon.framework; sourceTree = "<group>"; };
		ED08191E23D7DA7800913515 /* AcuantIPLiveness.framework */ = {isa = PBXFileReference; lastKnownFileType = wrapper.framework; name = AcuantIPLiveness.framework; path = ../EmbeddedFrameworks/AcuantIPLiveness.framework; sourceTree = "<group>"; };
		ED08191F23D7DA7800913515 /* AcuantFaceMatch.framework */ = {isa = PBXFileReference; lastKnownFileType = wrapper.framework; name = AcuantFaceMatch.framework; path = ../EmbeddedFrameworks/AcuantFaceMatch.framework; sourceTree = "<group>"; };
		ED08192023D7DA7800913515 /* AcuantHGLiveness.framework */ = {isa = PBXFileReference; lastKnownFileType = wrapper.framework; name = AcuantHGLiveness.framework; path = ../EmbeddedFrameworks/AcuantHGLiveness.framework; sourceTree = "<group>"; };
		ED08192123D7DA7800913515 /* SwiftyJSON.framework */ = {isa = PBXFileReference; lastKnownFileType = wrapper.framework; name = SwiftyJSON.framework; path = ../EmbeddedFrameworks/SwiftyJSON.framework; sourceTree = "<group>"; };
		ED08192223D7DA7800913515 /* KeychainAccess.framework */ = {isa = PBXFileReference; lastKnownFileType = wrapper.framework; name = KeychainAccess.framework; path = ../EmbeddedFrameworks/KeychainAccess.framework; sourceTree = "<group>"; };
		ED08192323D7DA7800913515 /* AcuantDocumentProcessing.framework */ = {isa = PBXFileReference; lastKnownFileType = wrapper.framework; name = AcuantDocumentProcessing.framework; path = ../EmbeddedFrameworks/AcuantDocumentProcessing.framework; sourceTree = "<group>"; };
		ED08192423D7DA7800913515 /* AcuantImagePreparation.framework */ = {isa = PBXFileReference; lastKnownFileType = wrapper.framework; name = AcuantImagePreparation.framework; path = ../EmbeddedFrameworks/AcuantImagePreparation.framework; sourceTree = "<group>"; };
		ED08193E23D7DAFA00913515 /* UIScreenExtn.swift */ = {isa = PBXFileReference; lastKnownFileType = sourcecode.swift; path = UIScreenExtn.swift; sourceTree = "<group>"; };
		ED08193F23D7DAFA00913515 /* AcuantCameraOptions.swift */ = {isa = PBXFileReference; lastKnownFileType = sourcecode.swift; path = AcuantCameraOptions.swift; sourceTree = "<group>"; };
		ED08194023D7DAFA00913515 /* DocumentFeedbackDelegate.swift */ = {isa = PBXFileReference; lastKnownFileType = sourcecode.swift; path = DocumentFeedbackDelegate.swift; sourceTree = "<group>"; };
		ED08194123D7DAFA00913515 /* DocumentCaptureDelegate.swift */ = {isa = PBXFileReference; lastKnownFileType = sourcecode.swift; path = DocumentCaptureDelegate.swift; sourceTree = "<group>"; };
		ED08194223D7DAFA00913515 /* CameraCaptureDelegate.swift */ = {isa = PBXFileReference; lastKnownFileType = sourcecode.swift; path = CameraCaptureDelegate.swift; sourceTree = "<group>"; };
		ED08194323D7DAFA00913515 /* DocumentCameraController.swift */ = {isa = PBXFileReference; lastKnownFileType = sourcecode.swift; path = DocumentCameraController.swift; sourceTree = "<group>"; };
		ED08194423D7DAFA00913515 /* UIDeviceExtn.swift */ = {isa = PBXFileReference; lastKnownFileType = sourcecode.swift; path = UIDeviceExtn.swift; sourceTree = "<group>"; };
		ED08194523D7DAFA00913515 /* CameraSDK.h */ = {isa = PBXFileReference; lastKnownFileType = sourcecode.c.h; path = CameraSDK.h; sourceTree = "<group>"; };
		ED08194623D7DAFA00913515 /* DocumentCaptureSession.swift */ = {isa = PBXFileReference; lastKnownFileType = sourcecode.swift; path = DocumentCaptureSession.swift; sourceTree = "<group>"; };
		ED08194723D7DAFA00913515 /* FrameAnalysisDelegate.swift */ = {isa = PBXFileReference; lastKnownFileType = sourcecode.swift; path = FrameAnalysisDelegate.swift; sourceTree = "<group>"; };
		ED08194823D7DAFA00913515 /* UIImageExtn.swift */ = {isa = PBXFileReference; lastKnownFileType = sourcecode.swift; path = UIImageExtn.swift; sourceTree = "<group>"; };
		ED08194A23D7DAFA00913515 /* CameraDocumentOverlayView.swift */ = {isa = PBXFileReference; lastKnownFileType = sourcecode.swift; path = CameraDocumentOverlayView.swift; sourceTree = "<group>"; };
		ED08194B23D7DAFA00913515 /* AcuantCameraTextView.swift */ = {isa = PBXFileReference; lastKnownFileType = sourcecode.swift; path = AcuantCameraTextView.swift; sourceTree = "<group>"; };
		ED08194C23D7DAFA00913515 /* CameraCornerOverlayView.swift */ = {isa = PBXFileReference; lastKnownFileType = sourcecode.swift; path = CameraCornerOverlayView.swift; sourceTree = "<group>"; };
		ED08194D23D7DAFA00913515 /* CameraCornerView.swift */ = {isa = PBXFileReference; lastKnownFileType = sourcecode.swift; path = CameraCornerView.swift; sourceTree = "<group>"; };
		ED08194E23D7DAFA00913515 /* CaptureConstants.swift */ = {isa = PBXFileReference; lastKnownFileType = sourcecode.swift; path = CaptureConstants.swift; sourceTree = "<group>"; };
		ED08194F23D7DAFA00913515 /* Info.plist */ = {isa = PBXFileReference; lastKnownFileType = text.plist.xml; path = Info.plist; sourceTree = "<group>"; };
		ED08195023D7DAFA00913515 /* AcuantCamera.xcodeproj */ = {isa = PBXFileReference; lastKnownFileType = "wrapper.pb-project"; path = AcuantCamera.xcodeproj; sourceTree = "<group>"; };
		ED2517082370E54C00B53736 /* TruliooConfirmationViewController.swift */ = {isa = PBXFileReference; lastKnownFileType = sourcecode.swift; path = TruliooConfirmationViewController.swift; sourceTree = "<group>"; };
		ED38E480236BB14A0072B736 /* TruliooTestConnectionViewController.swift */ = {isa = PBXFileReference; lastKnownFileType = sourcecode.swift; path = TruliooTestConnectionViewController.swift; sourceTree = "<group>"; };
		EDB4060D23723CCA001CF27B /* TruliooResultViewController.swift */ = {isa = PBXFileReference; lastKnownFileType = sourcecode.swift; path = TruliooResultViewController.swift; sourceTree = "<group>"; };
		EDB4060F237355A0001CF27B /* TruliooRequestClass.swift */ = {isa = PBXFileReference; lastKnownFileType = sourcecode.swift; path = TruliooRequestClass.swift; sourceTree = "<group>"; };
		EDB40611237368ED001CF27B /* TruliooResultClass.swift */ = {isa = PBXFileReference; lastKnownFileType = sourcecode.swift; path = TruliooResultClass.swift; sourceTree = "<group>"; };
		EDBE82AC2370D26C00A4ADFA /* TruliooHelper.swift */ = {isa = PBXFileReference; lastKnownFileType = sourcecode.swift; path = TruliooHelper.swift; sourceTree = "<group>"; };
/* End PBXFileReference section */

/* Begin PBXFrameworksBuildPhase section */
		13AC65D520EE8F8F00F0D494 /* Frameworks */ = {
			isa = PBXFrameworksBuildPhase;
			buildActionMask = 2147483647;
			files = (
				ED08195623D7DB0700913515 /* AcuantCamera.framework in Frameworks */,
			);
			runOnlyForDeploymentPostprocessing = 0;
		};
/* End PBXFrameworksBuildPhase section */

/* Begin PBXGroup section */
		13AC65CF20EE8F8F00F0D494 = {
			isa = PBXGroup;
			children = (
				13AC65DA20EE8F8F00F0D494 /* SampleApp */,
				13AC65D920EE8F8F00F0D494 /* Products */,
				13AC662620EE954900F0D494 /* Frameworks */,
			);
			sourceTree = "<group>";
		};
		13AC65D920EE8F8F00F0D494 /* Products */ = {
			isa = PBXGroup;
			children = (
				13AC65D820EE8F8F00F0D494 /* TruliooSampleApp.app */,
			);
			name = Products;
			sourceTree = "<group>";
		};
		13AC65DA20EE8F8F00F0D494 /* SampleApp */ = {
			isa = PBXGroup;
			children = (
				8351094A22FB462B00CC8329 /* Localizable.strings */,
				8351095022FB463B00CC8329 /* Main.strings */,
				835108E922FA425300CC8329 /* AcuantProgressView.swift */,
				C2B08D5822C6AF31003F2CBE /* FaceLivenessCameraController.swift */,
				83C977F522C69D9A00FC8C53 /* CheckConnection.swift */,
				13AC65DB20EE8F8F00F0D494 /* AppDelegate.swift */,
				13AC65DD20EE8F8F00F0D494 /* RootViewController.swift */,
				13AC65DF20EE8F8F00F0D494 /* Main.storyboard */,
				13AC65E220EE8F9000F0D494 /* Assets.xcassets */,
				13AC65E420EE8F9000F0D494 /* LaunchScreen.storyboard */,
				13AC65E720EE8F9000F0D494 /* Info.plist */,
				13AC66BD20EED36D00F0D494 /* CustomAlert.swift */,
				13D13F1320F6AC000052B1D7 /* ConfirmationViewController.swift */,
				138EA90220F7BF9B002FC333 /* ResultViewController.swift */,
				138EA90420F7CFC9002FC333 /* Utils.swift */,
				13750BB52125FC35009B29AA /* ClassificationErrorViewController.swift */,
				C229E7B52224520700FFAC6F /* AcuantConfig.plist */,
				ED38E480236BB14A0072B736 /* TruliooTestConnectionViewController.swift */,
				EDBE82AC2370D26C00A4ADFA /* TruliooHelper.swift */,
				ED2517082370E54C00B53736 /* TruliooConfirmationViewController.swift */,
				EDB4060D23723CCA001CF27B /* TruliooResultViewController.swift */,
				EDB4060F237355A0001CF27B /* TruliooRequestClass.swift */,
				EDB40611237368ED001CF27B /* TruliooResultClass.swift */,
			);
			path = SampleApp;
			sourceTree = "<group>";
		};
		13AC662620EE954900F0D494 /* Frameworks */ = {
			isa = PBXGroup;
			children = (
				ED08193C23D7DAFA00913515 /* AcuantCamera */,
				ED08191D23D7DA7800913515 /* AcuantCommon.framework */,
				ED08192323D7DA7800913515 /* AcuantDocumentProcessing.framework */,
				ED08191F23D7DA7800913515 /* AcuantFaceMatch.framework */,
				ED08192023D7DA7800913515 /* AcuantHGLiveness.framework */,
				ED08192423D7DA7800913515 /* AcuantImagePreparation.framework */,
				ED08191E23D7DA7800913515 /* AcuantIPLiveness.framework */,
				ED08191B23D7DA7700913515 /* iProov.framework */,
				ED08192223D7DA7800913515 /* KeychainAccess.framework */,
				ED08191C23D7DA7700913515 /* SocketIO.framework */,
				ED08191A23D7DA7700913515 /* Starscream.framework */,
				ED08192123D7DA7800913515 /* SwiftyJSON.framework */,
			);
			name = Frameworks;
			sourceTree = "<group>";
		};
		ED08193C23D7DAFA00913515 /* AcuantCamera */ = {
			isa = PBXGroup;
			children = (
				ED08193D23D7DAFA00913515 /* AcuantCamera */,
				ED08195023D7DAFA00913515 /* AcuantCamera.xcodeproj */,
			);
			name = AcuantCamera;
			path = ../AcuantCamera;
			sourceTree = "<group>";
		};
		ED08193D23D7DAFA00913515 /* AcuantCamera */ = {
			isa = PBXGroup;
			children = (
				ED08193E23D7DAFA00913515 /* UIScreenExtn.swift */,
				ED08193F23D7DAFA00913515 /* AcuantCameraOptions.swift */,
				ED08194023D7DAFA00913515 /* DocumentFeedbackDelegate.swift */,
				ED08194123D7DAFA00913515 /* DocumentCaptureDelegate.swift */,
				ED08194223D7DAFA00913515 /* CameraCaptureDelegate.swift */,
				ED08194323D7DAFA00913515 /* DocumentCameraController.swift */,
				ED08194423D7DAFA00913515 /* UIDeviceExtn.swift */,
				ED08194523D7DAFA00913515 /* CameraSDK.h */,
				ED08194623D7DAFA00913515 /* DocumentCaptureSession.swift */,
				ED08194723D7DAFA00913515 /* FrameAnalysisDelegate.swift */,
				ED08194823D7DAFA00913515 /* UIImageExtn.swift */,
				ED08194923D7DAFA00913515 /* View */,
				ED08194E23D7DAFA00913515 /* CaptureConstants.swift */,
				ED08194F23D7DAFA00913515 /* Info.plist */,
			);
			path = AcuantCamera;
			sourceTree = "<group>";
		};
		ED08194923D7DAFA00913515 /* View */ = {
			isa = PBXGroup;
			children = (
				ED08194A23D7DAFA00913515 /* CameraDocumentOverlayView.swift */,
				ED08194B23D7DAFA00913515 /* AcuantCameraTextView.swift */,
				ED08194C23D7DAFA00913515 /* CameraCornerOverlayView.swift */,
				ED08194D23D7DAFA00913515 /* CameraCornerView.swift */,
			);
			path = View;
			sourceTree = "<group>";
		};
		ED08195123D7DAFA00913515 /* Products */ = {
			isa = PBXGroup;
			children = (
				ED08195523D7DAFA00913515 /* AcuantCamera.framework */,
			);
			name = Products;
			sourceTree = "<group>";
		};
/* End PBXGroup section */

/* Begin PBXNativeTarget section */
		13AC65D720EE8F8F00F0D494 /* SampleApp */ = {
			isa = PBXNativeTarget;
			buildConfigurationList = 13AC660020EE8F9000F0D494 /* Build configuration list for PBXNativeTarget "SampleApp" */;
			buildPhases = (
				13AC65D420EE8F8F00F0D494 /* Sources */,
				13AC65D520EE8F8F00F0D494 /* Frameworks */,
				13AC65D620EE8F8F00F0D494 /* Resources */,
				ED08190423D7D9E300913515 /* Embed Frameworks */,
				ED08193B23D7DAA200913515 /* Run Script */,
			);
			buildRules = (
			);
			dependencies = (
			);
			name = SampleApp;
			productName = SampleApp;
			productReference = 13AC65D820EE8F8F00F0D494 /* TruliooSampleApp.app */;
			productType = "com.apple.product-type.application";
		};
/* End PBXNativeTarget section */

/* Begin PBXProject section */
		13AC65D020EE8F8F00F0D494 /* Project object */ = {
			isa = PBXProject;
			attributes = {
				LastSwiftUpdateCheck = 0940;
				LastUpgradeCheck = 1130;
				ORGANIZATIONNAME = com.acuant;
				TargetAttributes = {
					13AC65D720EE8F8F00F0D494 = {
						CreatedOnToolsVersion = 9.4.1;
					};
				};
			};
			buildConfigurationList = 13AC65D320EE8F8F00F0D494 /* Build configuration list for PBXProject "SampleApp" */;
			compatibilityVersion = "Xcode 9.3";
			developmentRegion = en;
			hasScannedForEncodings = 0;
			knownRegions = (
				en,
				Base,
				es,
				fil,
			);
			mainGroup = 13AC65CF20EE8F8F00F0D494;
			productRefGroup = 13AC65D920EE8F8F00F0D494 /* Products */;
			projectDirPath = "";
			projectReferences = (
				{
					ProductGroup = ED08195123D7DAFA00913515 /* Products */;
					ProjectRef = ED08195023D7DAFA00913515 /* AcuantCamera.xcodeproj */;
				},
			);
			projectRoot = "";
			targets = (
				13AC65D720EE8F8F00F0D494 /* SampleApp */,
			);
		};
/* End PBXProject section */

/* Begin PBXReferenceProxy section */
		ED08195523D7DAFA00913515 /* AcuantCamera.framework */ = {
			isa = PBXReferenceProxy;
			fileType = wrapper.framework;
			path = AcuantCamera.framework;
			remoteRef = ED08195423D7DAFA00913515 /* PBXContainerItemProxy */;
			sourceTree = BUILT_PRODUCTS_DIR;
		};
/* End PBXReferenceProxy section */

/* Begin PBXResourcesBuildPhase section */
		13AC65D620EE8F8F00F0D494 /* Resources */ = {
			isa = PBXResourcesBuildPhase;
			buildActionMask = 2147483647;
			files = (
				8351094C22FB462B00CC8329 /* Localizable.strings in Resources */,
				C229E7B62224520700FFAC6F /* AcuantConfig.plist in Resources */,
				13AC65E620EE8F9000F0D494 /* LaunchScreen.storyboard in Resources */,
				8351095322FB463B00CC8329 /* Main.strings in Resources */,
				13AC65E320EE8F9000F0D494 /* Assets.xcassets in Resources */,
				13AC65E120EE8F8F00F0D494 /* Main.storyboard in Resources */,
			);
			runOnlyForDeploymentPostprocessing = 0;
		};
/* End PBXResourcesBuildPhase section */

/* Begin PBXShellScriptBuildPhase section */
		ED08193B23D7DAA200913515 /* Run Script */ = {
			isa = PBXShellScriptBuildPhase;
			buildActionMask = 2147483647;
			files = (
			);
			inputFileListPaths = (
				"$(SRCROOT)/input.xcfilelist",
			);
			inputPaths = (
			);
			name = "Run Script";
			outputFileListPaths = (
				"$(SRCROOT)/output.xcfilelist",
			);
			outputPaths = (
			);
			runOnlyForDeploymentPostprocessing = 0;
			shellPath = /bin/sh;
			shellScript = "# Type a script or drag a script file from your workspace to insert its path.\n/usr/local/bin/carthage copy-frameworks\n";
		};
/* End PBXShellScriptBuildPhase section */

/* Begin PBXSourcesBuildPhase section */
		13AC65D420EE8F8F00F0D494 /* Sources */ = {
			isa = PBXSourcesBuildPhase;
			buildActionMask = 2147483647;
			files = (
				13D13F1420F6AC000052B1D7 /* ConfirmationViewController.swift in Sources */,
				138EA90520F7CFC9002FC333 /* Utils.swift in Sources */,
				EDB4060E23723CCA001CF27B /* TruliooResultViewController.swift in Sources */,
				EDB40610237355A0001CF27B /* TruliooRequestClass.swift in Sources */,
				EDBE82AD2370D26C00A4ADFA /* TruliooHelper.swift in Sources */,
				ED38E481236BB14A0072B736 /* TruliooTestConnectionViewController.swift in Sources */,
				13750BB62125FC35009B29AA /* ClassificationErrorViewController.swift in Sources */,
				13AC65DE20EE8F8F00F0D494 /* RootViewController.swift in Sources */,
				EDB40612237368ED001CF27B /* TruliooResultClass.swift in Sources */,
				C2B08D5922C6AF31003F2CBE /* FaceLivenessCameraController.swift in Sources */,
				138EA90320F7BF9B002FC333 /* ResultViewController.swift in Sources */,
				83C977F622C69D9A00FC8C53 /* CheckConnection.swift in Sources */,
				835108EA22FA425300CC8329 /* AcuantProgressView.swift in Sources */,
				13AC65DC20EE8F8F00F0D494 /* AppDelegate.swift in Sources */,
				13AC66BE20EED36D00F0D494 /* CustomAlert.swift in Sources */,
				ED2517092370E54C00B53736 /* TruliooConfirmationViewController.swift in Sources */,
			);
			runOnlyForDeploymentPostprocessing = 0;
		};
/* End PBXSourcesBuildPhase section */

/* Begin PBXVariantGroup section */
		13AC65DF20EE8F8F00F0D494 /* Main.storyboard */ = {
			isa = PBXVariantGroup;
			children = (
				13AC65E020EE8F8F00F0D494 /* Base */,
			);
			name = Main.storyboard;
			sourceTree = "<group>";
		};
		13AC65E420EE8F9000F0D494 /* LaunchScreen.storyboard */ = {
			isa = PBXVariantGroup;
			children = (
				13AC65E520EE8F9000F0D494 /* Base */,
			);
			name = LaunchScreen.storyboard;
			sourceTree = "<group>";
		};
		8351094A22FB462B00CC8329 /* Localizable.strings */ = {
			isa = PBXVariantGroup;
			children = (
				8351094B22FB462B00CC8329 /* en */,
				8351094F22FB463B00CC8329 /* es */,
				8351095522FB464A00CC8329 /* fil */,
			);
			name = Localizable.strings;
			sourceTree = "<group>";
		};
		8351095022FB463B00CC8329 /* Main.strings */ = {
			isa = PBXVariantGroup;
			children = (
				8351095122FB463B00CC8329 /* es */,
				8351095422FB464A00CC8329 /* fil */,
			);
			name = Main.strings;
			sourceTree = "<group>";
		};
/* End PBXVariantGroup section */

/* Begin XCBuildConfiguration section */
		13AC65FE20EE8F9000F0D494 /* Debug */ = {
			isa = XCBuildConfiguration;
			buildSettings = {
				ALWAYS_SEARCH_USER_PATHS = NO;
				BUILD_LIBRARY_FOR_DISTRIBUTION = YES;
				CLANG_ANALYZER_LOCALIZABILITY_NONLOCALIZED = YES;
				CLANG_ANALYZER_NONNULL = YES;
				CLANG_ANALYZER_NUMBER_OBJECT_CONVERSION = YES_AGGRESSIVE;
				CLANG_CXX_LANGUAGE_STANDARD = "gnu++14";
				CLANG_CXX_LIBRARY = "libc++";
				CLANG_ENABLE_MODULES = YES;
				CLANG_ENABLE_OBJC_ARC = YES;
				CLANG_ENABLE_OBJC_WEAK = YES;
				CLANG_WARN_BLOCK_CAPTURE_AUTORELEASING = YES;
				CLANG_WARN_BOOL_CONVERSION = YES;
				CLANG_WARN_COMMA = YES;
				CLANG_WARN_CONSTANT_CONVERSION = YES;
				CLANG_WARN_DEPRECATED_OBJC_IMPLEMENTATIONS = YES;
				CLANG_WARN_DIRECT_OBJC_ISA_USAGE = YES_ERROR;
				CLANG_WARN_DOCUMENTATION_COMMENTS = YES;
				CLANG_WARN_EMPTY_BODY = YES;
				CLANG_WARN_ENUM_CONVERSION = YES;
				CLANG_WARN_INFINITE_RECURSION = YES;
				CLANG_WARN_INT_CONVERSION = YES;
				CLANG_WARN_NON_LITERAL_NULL_CONVERSION = YES;
				CLANG_WARN_OBJC_IMPLICIT_RETAIN_SELF = YES;
				CLANG_WARN_OBJC_LITERAL_CONVERSION = YES;
				CLANG_WARN_OBJC_ROOT_CLASS = YES_ERROR;
				CLANG_WARN_RANGE_LOOP_ANALYSIS = YES;
				CLANG_WARN_STRICT_PROTOTYPES = YES;
				CLANG_WARN_SUSPICIOUS_MOVE = YES;
				CLANG_WARN_UNGUARDED_AVAILABILITY = YES_AGGRESSIVE;
				CLANG_WARN_UNREACHABLE_CODE = YES;
				CLANG_WARN__DUPLICATE_METHOD_MATCH = YES;
				CODE_SIGN_IDENTITY = "iPhone Developer";
				COPY_PHASE_STRIP = NO;
				DEBUG_INFORMATION_FORMAT = dwarf;
				ENABLE_STRICT_OBJC_MSGSEND = YES;
				ENABLE_TESTABILITY = YES;
				GCC_C_LANGUAGE_STANDARD = gnu11;
				GCC_DYNAMIC_NO_PIC = NO;
				GCC_NO_COMMON_BLOCKS = YES;
				GCC_OPTIMIZATION_LEVEL = 0;
				GCC_PREPROCESSOR_DEFINITIONS = (
					"DEBUG=1",
					"$(inherited)",
				);
				GCC_WARN_64_TO_32_BIT_CONVERSION = YES;
				GCC_WARN_ABOUT_RETURN_TYPE = YES_ERROR;
				GCC_WARN_UNDECLARED_SELECTOR = YES;
				GCC_WARN_UNINITIALIZED_AUTOS = YES_AGGRESSIVE;
				GCC_WARN_UNUSED_FUNCTION = YES;
				GCC_WARN_UNUSED_VARIABLE = YES;
				IPHONEOS_DEPLOYMENT_TARGET = 11.4;
				MTL_ENABLE_DEBUG_INFO = YES;
				ONLY_ACTIVE_ARCH = YES;
				SDKROOT = iphoneos;
				SWIFT_ACTIVE_COMPILATION_CONDITIONS = DEBUG;
				SWIFT_OPTIMIZATION_LEVEL = "-Onone";
			};
			name = Debug;
		};
		13AC65FF20EE8F9000F0D494 /* Release */ = {
			isa = XCBuildConfiguration;
			buildSettings = {
				ALWAYS_SEARCH_USER_PATHS = NO;
				BUILD_LIBRARY_FOR_DISTRIBUTION = YES;
				CLANG_ANALYZER_LOCALIZABILITY_NONLOCALIZED = YES;
				CLANG_ANALYZER_NONNULL = YES;
				CLANG_ANALYZER_NUMBER_OBJECT_CONVERSION = YES_AGGRESSIVE;
				CLANG_CXX_LANGUAGE_STANDARD = "gnu++14";
				CLANG_CXX_LIBRARY = "libc++";
				CLANG_ENABLE_MODULES = YES;
				CLANG_ENABLE_OBJC_ARC = YES;
				CLANG_ENABLE_OBJC_WEAK = YES;
				CLANG_WARN_BLOCK_CAPTURE_AUTORELEASING = YES;
				CLANG_WARN_BOOL_CONVERSION = YES;
				CLANG_WARN_COMMA = YES;
				CLANG_WARN_CONSTANT_CONVERSION = YES;
				CLANG_WARN_DEPRECATED_OBJC_IMPLEMENTATIONS = YES;
				CLANG_WARN_DIRECT_OBJC_ISA_USAGE = YES_ERROR;
				CLANG_WARN_DOCUMENTATION_COMMENTS = YES;
				CLANG_WARN_EMPTY_BODY = YES;
				CLANG_WARN_ENUM_CONVERSION = YES;
				CLANG_WARN_INFINITE_RECURSION = YES;
				CLANG_WARN_INT_CONVERSION = YES;
				CLANG_WARN_NON_LITERAL_NULL_CONVERSION = YES;
				CLANG_WARN_OBJC_IMPLICIT_RETAIN_SELF = YES;
				CLANG_WARN_OBJC_LITERAL_CONVERSION = YES;
				CLANG_WARN_OBJC_ROOT_CLASS = YES_ERROR;
				CLANG_WARN_RANGE_LOOP_ANALYSIS = YES;
				CLANG_WARN_STRICT_PROTOTYPES = YES;
				CLANG_WARN_SUSPICIOUS_MOVE = YES;
				CLANG_WARN_UNGUARDED_AVAILABILITY = YES_AGGRESSIVE;
				CLANG_WARN_UNREACHABLE_CODE = YES;
				CLANG_WARN__DUPLICATE_METHOD_MATCH = YES;
				CODE_SIGN_IDENTITY = "iPhone Developer";
				COPY_PHASE_STRIP = NO;
				DEBUG_INFORMATION_FORMAT = "dwarf-with-dsym";
				ENABLE_NS_ASSERTIONS = NO;
				ENABLE_STRICT_OBJC_MSGSEND = YES;
				GCC_C_LANGUAGE_STANDARD = gnu11;
				GCC_NO_COMMON_BLOCKS = YES;
				GCC_WARN_64_TO_32_BIT_CONVERSION = YES;
				GCC_WARN_ABOUT_RETURN_TYPE = YES_ERROR;
				GCC_WARN_UNDECLARED_SELECTOR = YES;
				GCC_WARN_UNINITIALIZED_AUTOS = YES_AGGRESSIVE;
				GCC_WARN_UNUSED_FUNCTION = YES;
				GCC_WARN_UNUSED_VARIABLE = YES;
				IPHONEOS_DEPLOYMENT_TARGET = 11.4;
				MTL_ENABLE_DEBUG_INFO = NO;
				SDKROOT = iphoneos;
				SWIFT_COMPILATION_MODE = wholemodule;
				SWIFT_OPTIMIZATION_LEVEL = "-O";
				VALIDATE_PRODUCT = NO;
			};
			name = Release;
		};
		13AC660120EE8F9000F0D494 /* Debug */ = {
			isa = XCBuildConfiguration;
			buildSettings = {
				ASSETCATALOG_COMPILER_APPICON_NAME = AppIcon;
				CLANG_CXX_LANGUAGE_STANDARD = "c++0x";
				CLANG_WARN_CXX0X_EXTENSIONS = NO;
				CODE_SIGN_IDENTITY = "iPhone Developer";
				CODE_SIGN_STYLE = Automatic;
				DEVELOPMENT_TEAM = DNHVT6LF8U;
				FRAMEWORK_SEARCH_PATHS = (
					"$(inherited)",
					"$(PROJECT_DIR)/../EmbeddedFrameworks",
				);
				INFOPLIST_FILE = SampleApp/Info.plist;
				IPHONEOS_DEPLOYMENT_TARGET = 11.0;
				LD_RUNPATH_SEARCH_PATHS = (
					"$(inherited)",
					"@executable_path/Frameworks",
				);
				PRODUCT_BUNDLE_IDENTIFIER = com.cssn.TruliooSampleApp;
				PRODUCT_NAME = TruliooSampleApp;
				PROVISIONING_PROFILE_SPECIFIER = "";
				SWIFT_VERSION = 5.0;
				TARGETED_DEVICE_FAMILY = 1;
			};
			name = Debug;
		};
		13AC660220EE8F9000F0D494 /* Release */ = {
			isa = XCBuildConfiguration;
			buildSettings = {
				ASSETCATALOG_COMPILER_APPICON_NAME = AppIcon;
				CLANG_CXX_LANGUAGE_STANDARD = "c++0x";
				CLANG_WARN_CXX0X_EXTENSIONS = NO;
				CODE_SIGN_IDENTITY = "iPhone Developer";
				CODE_SIGN_STYLE = Automatic;
				DEVELOPMENT_TEAM = DNHVT6LF8U;
				FRAMEWORK_SEARCH_PATHS = (
					"$(inherited)",
					"$(PROJECT_DIR)/../EmbeddedFrameworks",
				);
				INFOPLIST_FILE = SampleApp/Info.plist;
				IPHONEOS_DEPLOYMENT_TARGET = 11.0;
				LD_RUNPATH_SEARCH_PATHS = (
					"$(inherited)",
					"@executable_path/Frameworks",
				);
				PRODUCT_BUNDLE_IDENTIFIER = com.cssn.TruliooSampleApp;
				PRODUCT_NAME = TruliooSampleApp;
				PROVISIONING_PROFILE_SPECIFIER = "";
				SWIFT_VERSION = 5.0;
				TARGETED_DEVICE_FAMILY = 1;
			};
			name = Release;
		};
/* End XCBuildConfiguration section */

/* Begin XCConfigurationList section */
		13AC65D320EE8F8F00F0D494 /* Build configuration list for PBXProject "SampleApp" */ = {
			isa = XCConfigurationList;
			buildConfigurations = (
				13AC65FE20EE8F9000F0D494 /* Debug */,
				13AC65FF20EE8F9000F0D494 /* Release */,
			);
			defaultConfigurationIsVisible = 0;
			defaultConfigurationName = Release;
		};
		13AC660020EE8F9000F0D494 /* Build configuration list for PBXNativeTarget "SampleApp" */ = {
			isa = XCConfigurationList;
			buildConfigurations = (
				13AC660120EE8F9000F0D494 /* Debug */,
				13AC660220EE8F9000F0D494 /* Release */,
			);
			defaultConfigurationIsVisible = 0;
			defaultConfigurationName = Release;
		};
/* End XCConfigurationList section */
	};
	rootObject = 13AC65D020EE8F8F00F0D494 /* Project object */;
}
